
Microsoft Visual Studio Solution File, Format Version 12.00
# Visual Studio Version 17
VisualStudioVersion = 17.0.31903.59
MinimumVisualStudioVersion = 10.0.40219.1
Project("{FAE04EC0-301F-11D3-BF4B-00C04F79EFBC}") = "API", "API\API.csproj", "{0AB20CC5-1DA7-4C73-B5D8-6DD15E963C4B}"
EndProject
Project("{FAE04EC0-301F-11D3-BF4B-00C04F79EFBC}") = "Application", "Application\Application.csproj", "{30313BCF-DBD9-47B8-9B4F-AB8741F651D3}"
EndProject
Project("{FAE04EC0-301F-11D3-BF4B-00C04F79EFBC}") = "Domain", "Domain\Domain.csproj", "{C0ED77A4-6875-46D7-8890-EBD34EA279FB}"
EndProject
Project("{FAE04EC0-301F-11D3-BF4B-00C04F79EFBC}") = "Persistence", "Persistence\Persistence.csproj", "{B1AFE1E9-080C-45F1-86D0-2698EF91757F}"
EndProject
Project("{FAE04EC0-301F-11D3-BF4B-00C04F79EFBC}") = "Infrastructure", "Infrastructure\Infrastructure.csproj", "{38CCD50C-A42B-461B-8CF9-A37403E2564E}"
EndProject
Global
	GlobalSection(SolutionConfigurationPlatforms) = preSolution
		Debug|Any CPU = Debug|Any CPU
		Debug|x64 = Debug|x64
		Debug|x86 = Debug|x86
		Release|Any CPU = Release|Any CPU
		Release|x64 = Release|x64
		Release|x86 = Release|x86
	EndGlobalSection
	GlobalSection(ProjectConfigurationPlatforms) = postSolution
		{0AB20CC5-1DA7-4C73-B5D8-6DD15E963C4B}.Debug|Any CPU.ActiveCfg = Debug|Any CPU
		{0AB20CC5-1DA7-4C73-B5D8-6DD15E963C4B}.Debug|Any CPU.Build.0 = Debug|Any CPU
		{0AB20CC5-1DA7-4C73-B5D8-6DD15E963C4B}.Debug|x64.ActiveCfg = Debug|Any CPU
		{0AB20CC5-1DA7-4C73-B5D8-6DD15E963C4B}.Debug|x64.Build.0 = Debug|Any CPU
		{0AB20CC5-1DA7-4C73-B5D8-6DD15E963C4B}.Debug|x86.ActiveCfg = Debug|Any CPU
		{0AB20CC5-1DA7-4C73-B5D8-6DD15E963C4B}.Debug|x86.Build.0 = Debug|Any CPU
		{0AB20CC5-1DA7-4C73-B5D8-6DD15E963C4B}.Release|Any CPU.ActiveCfg = Release|Any CPU
		{0AB20CC5-1DA7-4C73-B5D8-6DD15E963C4B}.Release|Any CPU.Build.0 = Release|Any CPU
		{0AB20CC5-1DA7-4C73-B5D8-6DD15E963C4B}.Release|x64.ActiveCfg = Release|Any CPU
		{0AB20CC5-1DA7-4C73-B5D8-6DD15E963C4B}.Release|x64.Build.0 = Release|Any CPU
		{0AB20CC5-1DA7-4C73-B5D8-6DD15E963C4B}.Release|x86.ActiveCfg = Release|Any CPU
		{0AB20CC5-1DA7-4C73-B5D8-6DD15E963C4B}.Release|x86.Build.0 = Release|Any CPU
		{30313BCF-DBD9-47B8-9B4F-AB8741F651D3}.Debug|Any CPU.ActiveCfg = Debug|Any CPU
		{30313BCF-DBD9-47B8-9B4F-AB8741F651D3}.Debug|Any CPU.Build.0 = Debug|Any CPU
		{30313BCF-DBD9-47B8-9B4F-AB8741F651D3}.Debug|x64.ActiveCfg = Debug|Any CPU
		{30313BCF-DBD9-47B8-9B4F-AB8741F651D3}.Debug|x64.Build.0 = Debug|Any CPU
		{30313BCF-DBD9-47B8-9B4F-AB8741F651D3}.Debug|x86.ActiveCfg = Debug|Any CPU
		{30313BCF-DBD9-47B8-9B4F-AB8741F651D3}.Debug|x86.Build.0 = Debug|Any CPU
		{30313BCF-DBD9-47B8-9B4F-AB8741F651D3}.Release|Any CPU.ActiveCfg = Release|Any CPU
		{30313BCF-DBD9-47B8-9B4F-AB8741F651D3}.Release|Any CPU.Build.0 = Release|Any CPU
		{30313BCF-DBD9-47B8-9B4F-AB8741F651D3}.Release|x64.ActiveCfg = Release|Any CPU
		{30313BCF-DBD9-47B8-9B4F-AB8741F651D3}.Release|x64.Build.0 = Release|Any CPU
		{30313BCF-DBD9-47B8-9B4F-AB8741F651D3}.Release|x86.ActiveCfg = Release|Any CPU
		{30313BCF-DBD9-47B8-9B4F-AB8741F651D3}.Release|x86.Build.0 = Release|Any CPU
		{C0ED77A4-6875-46D7-8890-EBD34EA279FB}.Debug|Any CPU.ActiveCfg = Debug|Any CPU
		{C0ED77A4-6875-46D7-8890-EBD34EA279FB}.Debug|Any CPU.Build.0 = Debug|Any CPU
		{C0ED77A4-6875-46D7-8890-EBD34EA279FB}.Debug|x64.ActiveCfg = Debug|Any CPU
		{C0ED77A4-6875-46D7-8890-EBD34EA279FB}.Debug|x64.Build.0 = Debug|Any CPU
		{C0ED77A4-6875-46D7-8890-EBD34EA279FB}.Debug|x86.ActiveCfg = Debug|Any CPU
		{C0ED77A4-6875-46D7-8890-EBD34EA279FB}.Debug|x86.Build.0 = Debug|Any CPU
		{C0ED77A4-6875-46D7-8890-EBD34EA279FB}.Release|Any CPU.ActiveCfg = Release|Any CPU
		{C0ED77A4-6875-46D7-8890-EBD34EA279FB}.Release|Any CPU.Build.0 = Release|Any CPU
		{C0ED77A4-6875-46D7-8890-EBD34EA279FB}.Release|x64.ActiveCfg = Release|Any CPU
		{C0ED77A4-6875-46D7-8890-EBD34EA279FB}.Release|x64.Build.0 = Release|Any CPU
		{C0ED77A4-6875-46D7-8890-EBD34EA279FB}.Release|x86.ActiveCfg = Release|Any CPU
		{C0ED77A4-6875-46D7-8890-EBD34EA279FB}.Release|x86.Build.0 = Release|Any CPU
		{B1AFE1E9-080C-45F1-86D0-2698EF91757F}.Debug|Any CPU.ActiveCfg = Debug|Any CPU
		{B1AFE1E9-080C-45F1-86D0-2698EF91757F}.Debug|Any CPU.Build.0 = Debug|Any CPU
		{B1AFE1E9-080C-45F1-86D0-2698EF91757F}.Debug|x64.ActiveCfg = Debug|Any CPU
		{B1AFE1E9-080C-45F1-86D0-2698EF91757F}.Debug|x64.Build.0 = Debug|Any CPU
		{B1AFE1E9-080C-45F1-86D0-2698EF91757F}.Debug|x86.ActiveCfg = Debug|Any CPU
		{B1AFE1E9-080C-45F1-86D0-2698EF91757F}.Debug|x86.Build.0 = Debug|Any CPU
		{B1AFE1E9-080C-45F1-86D0-2698EF91757F}.Release|Any CPU.ActiveCfg = Release|Any CPU
		{B1AFE1E9-080C-45F1-86D0-2698EF91757F}.Release|Any CPU.Build.0 = Release|Any CPU
		{B1AFE1E9-080C-45F1-86D0-2698EF91757F}.Release|x64.ActiveCfg = Release|Any CPU
		{B1AFE1E9-080C-45F1-86D0-2698EF91757F}.Release|x64.Build.0 = Release|Any CPU
		{B1AFE1E9-080C-45F1-86D0-2698EF91757F}.Release|x86.ActiveCfg = Release|Any CPU
		{B1AFE1E9-080C-45F1-86D0-2698EF91757F}.Release|x86.Build.0 = Release|Any CPU
		{38CCD50C-A42B-461B-8CF9-A37403E2564E}.Debug|Any CPU.ActiveCfg = Debug|Any CPU
		{38CCD50C-A42B-461B-8CF9-A37403E2564E}.Debug|Any CPU.Build.0 = Debug|Any CPU
		{38CCD50C-A42B-461B-8CF9-A37403E2564E}.Debug|x64.ActiveCfg = Debug|Any CPU
		{38CCD50C-A42B-461B-8CF9-A37403E2564E}.Debug|x64.Build.0 = Debug|Any CPU
		{38CCD50C-A42B-461B-8CF9-A37403E2564E}.Debug|x86.ActiveCfg = Debug|Any CPU
		{38CCD50C-A42B-461B-8CF9-A37403E2564E}.Debug|x86.Build.0 = Debug|Any CPU
		{38CCD50C-A42B-461B-8CF9-A37403E2564E}.Release|Any CPU.ActiveCfg = Release|Any CPU
		{38CCD50C-A42B-461B-8CF9-A37403E2564E}.Release|Any CPU.Build.0 = Release|Any CPU
		{38CCD50C-A42B-461B-8CF9-A37403E2564E}.Release|x64.ActiveCfg = Release|Any CPU
		{38CCD50C-A42B-461B-8CF9-A37403E2564E}.Release|x64.Build.0 = Release|Any CPU
		{38CCD50C-A42B-461B-8CF9-A37403E2564E}.Release|x86.ActiveCfg = Release|Any CPU
		{38CCD50C-A42B-461B-8CF9-A37403E2564E}.Release|x86.Build.0 = Release|Any CPU
	EndGlobalSection
	GlobalSection(SolutionProperties) = preSolution
		HideSolutionNode = FALSE
	EndGlobalSection
EndGlobal
